
Microsoft Visual Studio Solution File, Format Version 12.00
# Visual Studio Version 17
VisualStudioVersion = 17.5.33516.290
MinimumVisualStudioVersion = 10.0.40219.1
Project("{FAE04EC0-301F-11D3-BF4B-00C04F79EFBC}") = "Day7_Prog2_grouping_list", "Day7_Prog2_grouping_list.csproj", "{88545F15-168C-44CA-88D6-4A3E6AC344C5}"
EndProject
Global
	GlobalSection(SolutionConfigurationPlatforms) = preSolution
		Debug|Any CPU = Debug|Any CPU
		Release|Any CPU = Release|Any CPU
	EndGlobalSection
	GlobalSection(ProjectConfigurationPlatforms) = postSolution
		{88545F15-168C-44CA-88D6-4A3E6AC344C5}.Debug|Any CPU.ActiveCfg = Debug|Any CPU
		{88545F15-168C-44CA-88D6-4A3E6AC344C5}.Debug|Any CPU.Build.0 = Debug|Any CPU
		{88545F15-168C-44CA-88D6-4A3E6AC344C5}.Release|Any CPU.ActiveCfg = Release|Any CPU
		{88545F15-168C-44CA-88D6-4A3E6AC344C5}.Release|Any CPU.Build.0 = Release|Any CPU
	EndGlobalSection
	GlobalSection(SolutionProperties) = preSolution
		HideSolutionNode = FALSE
	EndGlobalSection
	GlobalSection(ExtensibilityGlobals) = postSolution
		SolutionGuid = {F0A04D1D-D09E-4A2F-AD79-2C359E77425A}
	EndGlobalSection
EndGlobal
