
Microsoft Visual Studio Solution File, Format Version 12.00
# Visual Studio Version 17
VisualStudioVersion = 17.5.33516.290
MinimumVisualStudioVersion = 10.0.40219.1
Project("{FAE04EC0-301F-11D3-BF4B-00C04F79EFBC}") = "Day2_OOPS_Baic_Structure_Demo_Shaadi.com", "Day2_OOPS_Baic_Structure_Demo_Shaadi.com.csproj", "{F8B606A1-B16B-47B7-ADB0-4457B3161CC1}"
EndProject
Global
	GlobalSection(SolutionConfigurationPlatforms) = preSolution
		Debug|Any CPU = Debug|Any CPU
		Release|Any CPU = Release|Any CPU
	EndGlobalSection
	GlobalSection(ProjectConfigurationPlatforms) = postSolution
		{F8B606A1-B16B-47B7-ADB0-4457B3161CC1}.Debug|Any CPU.ActiveCfg = Debug|Any CPU
		{F8B606A1-B16B-47B7-ADB0-4457B3161CC1}.Debug|Any CPU.Build.0 = Debug|Any CPU
		{F8B606A1-B16B-47B7-ADB0-4457B3161CC1}.Release|Any CPU.ActiveCfg = Release|Any CPU
		{F8B606A1-B16B-47B7-ADB0-4457B3161CC1}.Release|Any CPU.Build.0 = Release|Any CPU
	EndGlobalSection
	GlobalSection(SolutionProperties) = preSolution
		HideSolutionNode = FALSE
	EndGlobalSection
	GlobalSection(ExtensibilityGlobals) = postSolution
		SolutionGuid = {7DF2874A-EA32-46AE-960F-7D43C89E10B4}
	EndGlobalSection
EndGlobal
