
Microsoft Visual Studio Solution File, Format Version 12.00
# Visual Studio Version 17
VisualStudioVersion = 17.5.33516.290
MinimumVisualStudioVersion = 10.0.40219.1
Project("{FAE04EC0-301F-11D3-BF4B-00C04F79EFBC}") = "Day1_OOPS_Baic_Structure_Demo", "Day1_OOPS_Baic_Structure_Demo.csproj", "{7F5700D2-55B4-4DCB-9AE3-3BAC2B50C803}"
EndProject
Global
	GlobalSection(SolutionConfigurationPlatforms) = preSolution
		Debug|Any CPU = Debug|Any CPU
		Release|Any CPU = Release|Any CPU
	EndGlobalSection
	GlobalSection(ProjectConfigurationPlatforms) = postSolution
		{7F5700D2-55B4-4DCB-9AE3-3BAC2B50C803}.Debug|Any CPU.ActiveCfg = Debug|Any CPU
		{7F5700D2-55B4-4DCB-9AE3-3BAC2B50C803}.Debug|Any CPU.Build.0 = Debug|Any CPU
		{7F5700D2-55B4-4DCB-9AE3-3BAC2B50C803}.Release|Any CPU.ActiveCfg = Release|Any CPU
		{7F5700D2-55B4-4DCB-9AE3-3BAC2B50C803}.Release|Any CPU.Build.0 = Release|Any CPU
	EndGlobalSection
	GlobalSection(SolutionProperties) = preSolution
		HideSolutionNode = FALSE
	EndGlobalSection
	GlobalSection(ExtensibilityGlobals) = postSolution
		SolutionGuid = {1CFBED37-26C5-4245-A95B-569C1D2E9A92}
	EndGlobalSection
EndGlobal
