
Microsoft Visual Studio Solution File, Format Version 12.00
# Visual Studio Version 17
VisualStudioVersion = 17.5.33516.290
MinimumVisualStudioVersion = 10.0.40219.1
Project("{FAE04EC0-301F-11D3-BF4B-00C04F79EFBC}") = "Day2_OOPS_Baic_Structure_Demo_CBW", "Day2_OOPS_Baic_Structure_Demo_CBW.csproj", "{005ECDC1-005E-456A-B530-71749B6460B8}"
EndProject
Global
	GlobalSection(SolutionConfigurationPlatforms) = preSolution
		Debug|Any CPU = Debug|Any CPU
		Release|Any CPU = Release|Any CPU
	EndGlobalSection
	GlobalSection(ProjectConfigurationPlatforms) = postSolution
		{005ECDC1-005E-456A-B530-71749B6460B8}.Debug|Any CPU.ActiveCfg = Debug|Any CPU
		{005ECDC1-005E-456A-B530-71749B6460B8}.Debug|Any CPU.Build.0 = Debug|Any CPU
		{005ECDC1-005E-456A-B530-71749B6460B8}.Release|Any CPU.ActiveCfg = Release|Any CPU
		{005ECDC1-005E-456A-B530-71749B6460B8}.Release|Any CPU.Build.0 = Release|Any CPU
	EndGlobalSection
	GlobalSection(SolutionProperties) = preSolution
		HideSolutionNode = FALSE
	EndGlobalSection
	GlobalSection(ExtensibilityGlobals) = postSolution
		SolutionGuid = {E6AD2183-B530-4341-BBFE-F55C3F045289}
	EndGlobalSection
EndGlobal
