
Microsoft Visual Studio Solution File, Format Version 12.00
# Visual Studio Version 17
VisualStudioVersion = 17.5.33516.290
MinimumVisualStudioVersion = 10.0.40219.1
Project("{FAE04EC0-301F-11D3-BF4B-00C04F79EFBC}") = "Day9", "Day9\Day9.csproj", "{33970A3F-E252-4221-B2EF-B30D17706434}"
EndProject
Global
	GlobalSection(SolutionConfigurationPlatforms) = preSolution
		Debug|Any CPU = Debug|Any CPU
		Release|Any CPU = Release|Any CPU
	EndGlobalSection
	GlobalSection(ProjectConfigurationPlatforms) = postSolution
		{33970A3F-E252-4221-B2EF-B30D17706434}.Debug|Any CPU.ActiveCfg = Debug|Any CPU
		{33970A3F-E252-4221-B2EF-B30D17706434}.Debug|Any CPU.Build.0 = Debug|Any CPU
		{33970A3F-E252-4221-B2EF-B30D17706434}.Release|Any CPU.ActiveCfg = Release|Any CPU
		{33970A3F-E252-4221-B2EF-B30D17706434}.Release|Any CPU.Build.0 = Release|Any CPU
	EndGlobalSection
	GlobalSection(SolutionProperties) = preSolution
		HideSolutionNode = FALSE
	EndGlobalSection
	GlobalSection(ExtensibilityGlobals) = postSolution
		SolutionGuid = {30907064-8640-4386-8335-9B599F2432E1}
	EndGlobalSection
EndGlobal
