
Microsoft Visual Studio Solution File, Format Version 12.00
# Visual Studio Version 17
VisualStudioVersion = 17.5.33516.290
MinimumVisualStudioVersion = 10.0.40219.1
Project("{FAE04EC0-301F-11D3-BF4B-00C04F79EFBC}") = "Day7_Prog3_admissionstd", "Day7_Prog3_admissionstd.csproj", "{96D45931-C802-483F-8B93-1DF80FAB8A1E}"
EndProject
Global
	GlobalSection(SolutionConfigurationPlatforms) = preSolution
		Debug|Any CPU = Debug|Any CPU
		Release|Any CPU = Release|Any CPU
	EndGlobalSection
	GlobalSection(ProjectConfigurationPlatforms) = postSolution
		{96D45931-C802-483F-8B93-1DF80FAB8A1E}.Debug|Any CPU.ActiveCfg = Debug|Any CPU
		{96D45931-C802-483F-8B93-1DF80FAB8A1E}.Debug|Any CPU.Build.0 = Debug|Any CPU
		{96D45931-C802-483F-8B93-1DF80FAB8A1E}.Release|Any CPU.ActiveCfg = Release|Any CPU
		{96D45931-C802-483F-8B93-1DF80FAB8A1E}.Release|Any CPU.Build.0 = Release|Any CPU
	EndGlobalSection
	GlobalSection(SolutionProperties) = preSolution
		HideSolutionNode = FALSE
	EndGlobalSection
	GlobalSection(ExtensibilityGlobals) = postSolution
		SolutionGuid = {604BEEAB-9559-419F-9042-AC906C4D1096}
	EndGlobalSection
EndGlobal
