
Microsoft Visual Studio Solution File, Format Version 12.00
# Visual Studio Version 17
VisualStudioVersion = 17.5.33516.290
MinimumVisualStudioVersion = 10.0.40219.1
Project("{FAE04EC0-301F-11D3-BF4B-00C04F79EFBC}") = "Day9_ portal_of_admission", "Day9_ portal_of_admission.csproj", "{6324E1C9-333E-4E53-98F0-9D5031D2E9F5}"
EndProject
Global
	GlobalSection(SolutionConfigurationPlatforms) = preSolution
		Debug|Any CPU = Debug|Any CPU
		Release|Any CPU = Release|Any CPU
	EndGlobalSection
	GlobalSection(ProjectConfigurationPlatforms) = postSolution
		{6324E1C9-333E-4E53-98F0-9D5031D2E9F5}.Debug|Any CPU.ActiveCfg = Debug|Any CPU
		{6324E1C9-333E-4E53-98F0-9D5031D2E9F5}.Debug|Any CPU.Build.0 = Debug|Any CPU
		{6324E1C9-333E-4E53-98F0-9D5031D2E9F5}.Release|Any CPU.ActiveCfg = Release|Any CPU
		{6324E1C9-333E-4E53-98F0-9D5031D2E9F5}.Release|Any CPU.Build.0 = Release|Any CPU
	EndGlobalSection
	GlobalSection(SolutionProperties) = preSolution
		HideSolutionNode = FALSE
	EndGlobalSection
	GlobalSection(ExtensibilityGlobals) = postSolution
		SolutionGuid = {52B782EA-B27D-4986-9E6D-FDBD4D90C06D}
	EndGlobalSection
EndGlobal
